// !$*UTF8*$!
{
	archiveVersion = 1;
	classes = {
	};
	objectVersion = 50;
	objects = {

/* Begin PBXBuildFile section */
		0DB4C0B0213D830000F25BE0 /* main.cpp in Sources */ = {isa = PBXBuildFile; fileRef = 0DB4C0AF213D830000F25BE0 /* main.cpp */; };
		0DC89E35213BC4E5006BE658 /* main.cpp in Sources */ = {isa = PBXBuildFile; fileRef = 0DC89E34213BC4E5006BE658 /* main.cpp */; };
		0DC89E42213C0E81006BE658 /* main.cpp in Sources */ = {isa = PBXBuildFile; fileRef = 0DC89E41213C0E81006BE658 /* main.cpp */; };
		0DC89E4D213C1CA9006BE658 /* main.cpp in Sources */ = {isa = PBXBuildFile; fileRef = 0DC89E4C213C1CA9006BE658 /* main.cpp */; };
		0DC89E58213C2C16006BE658 /* main.cpp in Sources */ = {isa = PBXBuildFile; fileRef = 0DC89E57213C2C16006BE658 /* main.cpp */; };
		3D59C7D9213CCA0000DE8075 /* main.cpp in Sources */ = {isa = PBXBuildFile; fileRef = 3D59C7D8213CCA0000DE8075 /* main.cpp */; };
		3D59C7E9213CF3B800DE8075 /* main.cpp in Sources */ = {isa = PBXBuildFile; fileRef = 3D59C7E8213CF3B800DE8075 /* main.cpp */; };
		3D59C7F7213D386600DE8075 /* main.cpp in Sources */ = {isa = PBXBuildFile; fileRef = 3D59C7F6213D386600DE8075 /* main.cpp */; };
/* End PBXBuildFile section */

/* Begin PBXCopyFilesBuildPhase section */
		0DB4C0AB213D830000F25BE0 /* CopyFiles */ = {
			isa = PBXCopyFilesBuildPhase;
			buildActionMask = 2147483647;
			dstPath = /usr/share/man/man1/;
			dstSubfolderSpec = 0;
			files = (
			);
			runOnlyForDeploymentPostprocessing = 1;
		};
		0DC89E2F213BC4E5006BE658 /* CopyFiles */ = {
			isa = PBXCopyFilesBuildPhase;
			buildActionMask = 2147483647;
			dstPath = /usr/share/man/man1/;
			dstSubfolderSpec = 0;
			files = (
			);
			runOnlyForDeploymentPostprocessing = 1;
		};
		0DC89E3D213C0E81006BE658 /* CopyFiles */ = {
			isa = PBXCopyFilesBuildPhase;
			buildActionMask = 2147483647;
			dstPath = /usr/share/man/man1/;
			dstSubfolderSpec = 0;
			files = (
			);
			runOnlyForDeploymentPostprocessing = 1;
		};
		0DC89E48213C1CA9006BE658 /* CopyFiles */ = {
			isa = PBXCopyFilesBuildPhase;
			buildActionMask = 2147483647;
			dstPath = /usr/share/man/man1/;
			dstSubfolderSpec = 0;
			files = (
			);
			runOnlyForDeploymentPostprocessing = 1;
		};
		0DC89E53213C2C16006BE658 /* CopyFiles */ = {
			isa = PBXCopyFilesBuildPhase;
			buildActionMask = 2147483647;
			dstPath = /usr/share/man/man1/;
			dstSubfolderSpec = 0;
			files = (
			);
			runOnlyForDeploymentPostprocessing = 1;
		};
		3D59C7D4213CCA0000DE8075 /* CopyFiles */ = {
			isa = PBXCopyFilesBuildPhase;
			buildActionMask = 2147483647;
			dstPath = /usr/share/man/man1/;
			dstSubfolderSpec = 0;
			files = (
			);
			runOnlyForDeploymentPostprocessing = 1;
		};
		3D59C7E4213CF3B800DE8075 /* CopyFiles */ = {
			isa = PBXCopyFilesBuildPhase;
			buildActionMask = 2147483647;
			dstPath = /usr/share/man/man1/;
			dstSubfolderSpec = 0;
			files = (
			);
			runOnlyForDeploymentPostprocessing = 1;
		};
		3D59C7F2213D386600DE8075 /* CopyFiles */ = {
			isa = PBXCopyFilesBuildPhase;
			buildActionMask = 2147483647;
			dstPath = /usr/share/man/man1/;
			dstSubfolderSpec = 0;
			files = (
			);
			runOnlyForDeploymentPostprocessing = 1;
		};
/* End PBXCopyFilesBuildPhase section */

/* Begin PBXFileReference section */
		0DB4C0AD213D830000F25BE0 /* 面8-二叉树的下一个节点 */ = {isa = PBXFileReference; explicitFileType = "compiled.mach-o.executable"; includeInIndex = 0; path = "面8-二叉树的下一个节点"; sourceTree = BUILT_PRODUCTS_DIR; };
		0DB4C0AF213D830000F25BE0 /* main.cpp */ = {isa = PBXFileReference; lastKnownFileType = sourcecode.cpp.cpp; path = main.cpp; sourceTree = "<group>"; };
		0DC89E31213BC4E5006BE658 /* 剑指offer习题 */ = {isa = PBXFileReference; explicitFileType = "compiled.mach-o.executable"; includeInIndex = 0; path = "剑指offer习题"; sourceTree = BUILT_PRODUCTS_DIR; };
		0DC89E34213BC4E5006BE658 /* main.cpp */ = {isa = PBXFileReference; lastKnownFileType = sourcecode.cpp.cpp; path = main.cpp; sourceTree = "<group>"; };
		0DC89E3F213C0E81006BE658 /* 面3-数组中重复数字 */ = {isa = PBXFileReference; explicitFileType = "compiled.mach-o.executable"; includeInIndex = 0; path = "面3-数组中重复数字"; sourceTree = BUILT_PRODUCTS_DIR; };
		0DC89E41213C0E81006BE658 /* main.cpp */ = {isa = PBXFileReference; lastKnownFileType = sourcecode.cpp.cpp; path = main.cpp; sourceTree = "<group>"; };
		0DC89E4A213C1CA9006BE658 /* 面4-二维数组中的查找 */ = {isa = PBXFileReference; explicitFileType = "compiled.mach-o.executable"; includeInIndex = 0; path = "面4-二维数组中的查找"; sourceTree = BUILT_PRODUCTS_DIR; };
		0DC89E4C213C1CA9006BE658 /* main.cpp */ = {isa = PBXFileReference; lastKnownFileType = sourcecode.cpp.cpp; path = main.cpp; sourceTree = "<group>"; };
		0DC89E55213C2C16006BE658 /* 面5-替换空格 */ = {isa = PBXFileReference; explicitFileType = "compiled.mach-o.executable"; includeInIndex = 0; path = "面5-替换空格"; sourceTree = BUILT_PRODUCTS_DIR; };
		0DC89E57213C2C16006BE658 /* main.cpp */ = {isa = PBXFileReference; lastKnownFileType = sourcecode.cpp.cpp; path = main.cpp; sourceTree = "<group>"; };
		3D59C7D6213CCA0000DE8075 /* 面6-从尾到头打印链表 */ = {isa = PBXFileReference; explicitFileType = "compiled.mach-o.executable"; includeInIndex = 0; path = "面6-从尾到头打印链表"; sourceTree = BUILT_PRODUCTS_DIR; };
		3D59C7D8213CCA0000DE8075 /* main.cpp */ = {isa = PBXFileReference; lastKnownFileType = sourcecode.cpp.cpp; path = main.cpp; sourceTree = "<group>"; };
		3D59C7DF213CCA7500DE8075 /* List.hpp */ = {isa = PBXFileReference; lastKnownFileType = sourcecode.cpp.h; path = List.hpp; sourceTree = "<group>"; };
		3D59C7E6213CF3B800DE8075 /* 面7-重建二叉树 */ = {isa = PBXFileReference; explicitFileType = "compiled.mach-o.executable"; includeInIndex = 0; path = "面7-重建二叉树"; sourceTree = BUILT_PRODUCTS_DIR; };
		3D59C7E8213CF3B800DE8075 /* main.cpp */ = {isa = PBXFileReference; lastKnownFileType = sourcecode.cpp.cpp; path = main.cpp; sourceTree = "<group>"; };
		3D59C7EE213D099F00DE8075 /* BinaryTree.hpp */ = {isa = PBXFileReference; lastKnownFileType = sourcecode.cpp.h; path = BinaryTree.hpp; sourceTree = "<group>"; };
		3D59C7F4213D386600DE8075 /* 面9-用两个栈实现队列 */ = {isa = PBXFileReference; explicitFileType = "compiled.mach-o.executable"; includeInIndex = 0; path = "面9-用两个栈实现队列"; sourceTree = BUILT_PRODUCTS_DIR; };
		3D59C7F6213D386600DE8075 /* main.cpp */ = {isa = PBXFileReference; lastKnownFileType = sourcecode.cpp.cpp; path = main.cpp; sourceTree = "<group>"; };
/* End PBXFileReference section */

/* Begin PBXFrameworksBuildPhase section */
		0DB4C0AA213D830000F25BE0 /* Frameworks */ = {
			isa = PBXFrameworksBuildPhase;
			buildActionMask = 2147483647;
			files = (
			);
			runOnlyForDeploymentPostprocessing = 0;
		};
		0DC89E2E213BC4E5006BE658 /* Frameworks */ = {
			isa = PBXFrameworksBuildPhase;
			buildActionMask = 2147483647;
			files = (
			);
			runOnlyForDeploymentPostprocessing = 0;
		};
		0DC89E3C213C0E81006BE658 /* Frameworks */ = {
			isa = PBXFrameworksBuildPhase;
			buildActionMask = 2147483647;
			files = (
			);
			runOnlyForDeploymentPostprocessing = 0;
		};
		0DC89E47213C1CA9006BE658 /* Frameworks */ = {
			isa = PBXFrameworksBuildPhase;
			buildActionMask = 2147483647;
			files = (
			);
			runOnlyForDeploymentPostprocessing = 0;
		};
		0DC89E52213C2C16006BE658 /* Frameworks */ = {
			isa = PBXFrameworksBuildPhase;
			buildActionMask = 2147483647;
			files = (
			);
			runOnlyForDeploymentPostprocessing = 0;
		};
		3D59C7D3213CCA0000DE8075 /* Frameworks */ = {
			isa = PBXFrameworksBuildPhase;
			buildActionMask = 2147483647;
			files = (
			);
			runOnlyForDeploymentPostprocessing = 0;
		};
		3D59C7E3213CF3B800DE8075 /* Frameworks */ = {
			isa = PBXFrameworksBuildPhase;
			buildActionMask = 2147483647;
			files = (
			);
			runOnlyForDeploymentPostprocessing = 0;
		};
		3D59C7F1213D386600DE8075 /* Frameworks */ = {
			isa = PBXFrameworksBuildPhase;
			buildActionMask = 2147483647;
			files = (
			);
			runOnlyForDeploymentPostprocessing = 0;
		};
/* End PBXFrameworksBuildPhase section */

/* Begin PBXGroup section */
		0DB4C0AE213D830000F25BE0 /* 面8-二叉树的下一个节点 */ = {
			isa = PBXGroup;
			children = (
				0DB4C0AF213D830000F25BE0 /* main.cpp */,
			);
			path = "面8-二叉树的下一个节点";
			sourceTree = "<group>";
		};
		0DC89E28213BC4E5006BE658 = {
			isa = PBXGroup;
			children = (
				3D59C7DD213CCA6000DE8075 /* Utilities */,
				0DC89E33213BC4E5006BE658 /* 剑指offer习题 */,
				0DC89E40213C0E81006BE658 /* 面3-数组中重复数字 */,
				0DC89E4B213C1CA9006BE658 /* 面4-二维数组中的查找 */,
				0DC89E56213C2C16006BE658 /* 面5-替换空格 */,
				3D59C7D7213CCA0000DE8075 /* 面6-从尾到头打印链表 */,
				3D59C7E7213CF3B800DE8075 /* ⭐️ 面7-重建二叉树 */,
				0DB4C0AE213D830000F25BE0 /* 面8-二叉树的下一个节点 */,
				3D59C7F5213D386600DE8075 /* 面9-用两个栈实现队列 */,
				0DC89E32213BC4E5006BE658 /* Products */,
			);
			sourceTree = "<group>";
		};
		0DC89E32213BC4E5006BE658 /* Products */ = {
			isa = PBXGroup;
			children = (
				0DC89E31213BC4E5006BE658 /* 剑指offer习题 */,
				0DC89E3F213C0E81006BE658 /* 面3-数组中重复数字 */,
				0DC89E4A213C1CA9006BE658 /* 面4-二维数组中的查找 */,
				0DC89E55213C2C16006BE658 /* 面5-替换空格 */,
				3D59C7D6213CCA0000DE8075 /* 面6-从尾到头打印链表 */,
				3D59C7E6213CF3B800DE8075 /* 面7-重建二叉树 */,
				3D59C7F4213D386600DE8075 /* 面9-用两个栈实现队列 */,
				0DB4C0AD213D830000F25BE0 /* 面8-二叉树的下一个节点 */,
			);
			name = Products;
			sourceTree = "<group>";
		};
		0DC89E33213BC4E5006BE658 /* 剑指offer习题 */ = {
			isa = PBXGroup;
			children = (
				0DC89E34213BC4E5006BE658 /* main.cpp */,
			);
			path = "剑指offer习题";
			sourceTree = "<group>";
		};
		0DC89E40213C0E81006BE658 /* 面3-数组中重复数字 */ = {
			isa = PBXGroup;
			children = (
				0DC89E41213C0E81006BE658 /* main.cpp */,
			);
			path = "面3-数组中重复数字";
			sourceTree = "<group>";
		};
		0DC89E4B213C1CA9006BE658 /* 面4-二维数组中的查找 */ = {
			isa = PBXGroup;
			children = (
				0DC89E4C213C1CA9006BE658 /* main.cpp */,
			);
			path = "面4-二维数组中的查找";
			sourceTree = "<group>";
		};
		0DC89E56213C2C16006BE658 /* 面5-替换空格 */ = {
			isa = PBXGroup;
			children = (
				0DC89E57213C2C16006BE658 /* main.cpp */,
			);
			path = "面5-替换空格";
			sourceTree = "<group>";
		};
		3D59C7D7213CCA0000DE8075 /* 面6-从尾到头打印链表 */ = {
			isa = PBXGroup;
			children = (
				3D59C7D8213CCA0000DE8075 /* main.cpp */,
			);
			path = "面6-从尾到头打印链表";
			sourceTree = "<group>";
		};
		3D59C7DD213CCA6000DE8075 /* Utilities */ = {
			isa = PBXGroup;
			children = (
				3D59C7DF213CCA7500DE8075 /* List.hpp */,
				3D59C7EE213D099F00DE8075 /* BinaryTree.hpp */,
			);
			path = Utilities;
			sourceTree = "<group>";
		};
		3D59C7E7213CF3B800DE8075 /* ⭐️ 面7-重建二叉树 */ = {
			isa = PBXGroup;
			children = (
				3D59C7E8213CF3B800DE8075 /* main.cpp */,
			);
			path = "⭐️ 面7-重建二叉树";
			sourceTree = "<group>";
		};
		3D59C7F5213D386600DE8075 /* 面9-用两个栈实现队列 */ = {
			isa = PBXGroup;
			children = (
				3D59C7F6213D386600DE8075 /* main.cpp */,
			);
			path = "面9-用两个栈实现队列";
			sourceTree = "<group>";
		};
/* End PBXGroup section */

/* Begin PBXNativeTarget section */
		0DB4C0AC213D830000F25BE0 /* 面8-二叉树的下一个节点 */ = {
			isa = PBXNativeTarget;
			buildConfigurationList = 0DB4C0B3213D830000F25BE0 /* Build configuration list for PBXNativeTarget "面8-二叉树的下一个节点" */;
			buildPhases = (
				0DB4C0A9213D830000F25BE0 /* Sources */,
				0DB4C0AA213D830000F25BE0 /* Frameworks */,
				0DB4C0AB213D830000F25BE0 /* CopyFiles */,
			);
			buildRules = (
			);
			dependencies = (
			);
			name = "面8-二叉树的下一个节点";
			productName = "面8-二叉树的下一个节点";
			productReference = 0DB4C0AD213D830000F25BE0 /* 面8-二叉树的下一个节点 */;
			productType = "com.apple.product-type.tool";
		};
		0DC89E30213BC4E5006BE658 /* 剑指offer习题 */ = {
			isa = PBXNativeTarget;
			buildConfigurationList = 0DC89E38213BC4E5006BE658 /* Build configuration list for PBXNativeTarget "剑指offer习题" */;
			buildPhases = (
				0DC89E2D213BC4E5006BE658 /* Sources */,
				0DC89E2E213BC4E5006BE658 /* Frameworks */,
				0DC89E2F213BC4E5006BE658 /* CopyFiles */,
			);
			buildRules = (
			);
			dependencies = (
			);
			name = "剑指offer习题";
			productName = "剑指offer习题";
			productReference = 0DC89E31213BC4E5006BE658 /* 剑指offer习题 */;
			productType = "com.apple.product-type.tool";
		};
		0DC89E3E213C0E81006BE658 /* 面3-数组中重复数字 */ = {
			isa = PBXNativeTarget;
			buildConfigurationList = 0DC89E43213C0E81006BE658 /* Build configuration list for PBXNativeTarget "面3-数组中重复数字" */;
			buildPhases = (
				0DC89E3B213C0E81006BE658 /* Sources */,
				0DC89E3C213C0E81006BE658 /* Frameworks */,
				0DC89E3D213C0E81006BE658 /* CopyFiles */,
			);
			buildRules = (
			);
			dependencies = (
			);
			name = "面3-数组中重复数字";
			productName = "面3-数组中重复数字";
			productReference = 0DC89E3F213C0E81006BE658 /* 面3-数组中重复数字 */;
			productType = "com.apple.product-type.tool";
		};
		0DC89E49213C1CA9006BE658 /* 面4-二维数组中的查找 */ = {
			isa = PBXNativeTarget;
			buildConfigurationList = 0DC89E4E213C1CA9006BE658 /* Build configuration list for PBXNativeTarget "面4-二维数组中的查找" */;
			buildPhases = (
				0DC89E46213C1CA9006BE658 /* Sources */,
				0DC89E47213C1CA9006BE658 /* Frameworks */,
				0DC89E48213C1CA9006BE658 /* CopyFiles */,
			);
			buildRules = (
			);
			dependencies = (
			);
			name = "面4-二维数组中的查找";
			productName = "面4-二维数组中的查找";
			productReference = 0DC89E4A213C1CA9006BE658 /* 面4-二维数组中的查找 */;
			productType = "com.apple.product-type.tool";
		};
		0DC89E54213C2C16006BE658 /* 面5-替换空格 */ = {
			isa = PBXNativeTarget;
			buildConfigurationList = 0DC89E59213C2C16006BE658 /* Build configuration list for PBXNativeTarget "面5-替换空格" */;
			buildPhases = (
				0DC89E51213C2C16006BE658 /* Sources */,
				0DC89E52213C2C16006BE658 /* Frameworks */,
				0DC89E53213C2C16006BE658 /* CopyFiles */,
			);
			buildRules = (
			);
			dependencies = (
			);
			name = "面5-替换空格";
			productName = "面5-替换空格";
			productReference = 0DC89E55213C2C16006BE658 /* 面5-替换空格 */;
			productType = "com.apple.product-type.tool";
		};
		3D59C7D5213CCA0000DE8075 /* 面6-从尾到头打印链表 */ = {
			isa = PBXNativeTarget;
			buildConfigurationList = 3D59C7DC213CCA0000DE8075 /* Build configuration list for PBXNativeTarget "面6-从尾到头打印链表" */;
			buildPhases = (
				3D59C7D2213CCA0000DE8075 /* Sources */,
				3D59C7D3213CCA0000DE8075 /* Frameworks */,
				3D59C7D4213CCA0000DE8075 /* CopyFiles */,
			);
			buildRules = (
			);
			dependencies = (
			);
			name = "面6-从尾到头打印链表";
			productName = "面6-从尾到头打印链表";
			productReference = 3D59C7D6213CCA0000DE8075 /* 面6-从尾到头打印链表 */;
			productType = "com.apple.product-type.tool";
		};
		3D59C7E5213CF3B800DE8075 /* 面7-重建二叉树 */ = {
			isa = PBXNativeTarget;
			buildConfigurationList = 3D59C7EA213CF3B800DE8075 /* Build configuration list for PBXNativeTarget "面7-重建二叉树" */;
			buildPhases = (
				3D59C7E2213CF3B800DE8075 /* Sources */,
				3D59C7E3213CF3B800DE8075 /* Frameworks */,
				3D59C7E4213CF3B800DE8075 /* CopyFiles */,
			);
			buildRules = (
			);
			dependencies = (
			);
			name = "面7-重建二叉树";
			productName = "面7-重建二叉树";
			productReference = 3D59C7E6213CF3B800DE8075 /* 面7-重建二叉树 */;
			productType = "com.apple.product-type.tool";
		};
		3D59C7F3213D386600DE8075 /* 面9-用两个栈实现队列 */ = {
			isa = PBXNativeTarget;
			buildConfigurationList = 3D59C7F8213D386600DE8075 /* Build configuration list for PBXNativeTarget "面9-用两个栈实现队列" */;
			buildPhases = (
				3D59C7F0213D386600DE8075 /* Sources */,
				3D59C7F1213D386600DE8075 /* Frameworks */,
				3D59C7F2213D386600DE8075 /* CopyFiles */,
			);
			buildRules = (
			);
			dependencies = (
			);
			name = "面9-用两个栈实现队列";
			productName = "面9-用两个栈实现队列";
			productReference = 3D59C7F4213D386600DE8075 /* 面9-用两个栈实现队列 */;
			productType = "com.apple.product-type.tool";
		};
/* End PBXNativeTarget section */

/* Begin PBXProject section */
		0DC89E29213BC4E5006BE658 /* Project object */ = {
			isa = PBXProject;
			attributes = {
				LastUpgradeCheck = 1000;
				ORGANIZATIONNAME = "Vic Wan";
				TargetAttributes = {
					0DB4C0AC213D830000F25BE0 = {
						CreatedOnToolsVersion = 10.0;
					};
					0DC89E30213BC4E5006BE658 = {
						CreatedOnToolsVersion = 10.0;
					};
					0DC89E3E213C0E81006BE658 = {
						CreatedOnToolsVersion = 10.0;
					};
					0DC89E49213C1CA9006BE658 = {
						CreatedOnToolsVersion = 10.0;
					};
					0DC89E54213C2C16006BE658 = {
						CreatedOnToolsVersion = 10.0;
					};
					3D59C7D5213CCA0000DE8075 = {
						CreatedOnToolsVersion = 10.0;
					};
					3D59C7E5213CF3B800DE8075 = {
						CreatedOnToolsVersion = 10.0;
					};
					3D59C7F3213D386600DE8075 = {
						CreatedOnToolsVersion = 10.0;
					};
				};
			};
			buildConfigurationList = 0DC89E2C213BC4E5006BE658 /* Build configuration list for PBXProject "剑指offer习题" */;
			compatibilityVersion = "Xcode 9.3";
			developmentRegion = en;
			hasScannedForEncodings = 0;
			knownRegions = (
				en,
			);
			mainGroup = 0DC89E28213BC4E5006BE658;
			productRefGroup = 0DC89E32213BC4E5006BE658 /* Products */;
			projectDirPath = "";
			projectRoot = "";
			targets = (
				0DC89E30213BC4E5006BE658 /* 剑指offer习题 */,
				0DC89E3E213C0E81006BE658 /* 面3-数组中重复数字 */,
				0DC89E49213C1CA9006BE658 /* 面4-二维数组中的查找 */,
				0DC89E54213C2C16006BE658 /* 面5-替换空格 */,
				3D59C7D5213CCA0000DE8075 /* 面6-从尾到头打印链表 */,
				3D59C7E5213CF3B800DE8075 /* 面7-重建二叉树 */,
				0DB4C0AC213D830000F25BE0 /* 面8-二叉树的下一个节点 */,
				3D59C7F3213D386600DE8075 /* 面9-用两个栈实现队列 */,
			);
		};
/* End PBXProject section */

/* Begin PBXSourcesBuildPhase section */
		0DB4C0A9213D830000F25BE0 /* Sources */ = {
			isa = PBXSourcesBuildPhase;
			buildActionMask = 2147483647;
			files = (
				0DB4C0B0213D830000F25BE0 /* main.cpp in Sources */,
			);
			runOnlyForDeploymentPostprocessing = 0;
		};
		0DC89E2D213BC4E5006BE658 /* Sources */ = {
			isa = PBXSourcesBuildPhase;
			buildActionMask = 2147483647;
			files = (
				0DC89E35213BC4E5006BE658 /* main.cpp in Sources */,
			);
			runOnlyForDeploymentPostprocessing = 0;
		};
		0DC89E3B213C0E81006BE658 /* Sources */ = {
			isa = PBXSourcesBuildPhase;
			buildActionMask = 2147483647;
			files = (
				0DC89E42213C0E81006BE658 /* main.cpp in Sources */,
			);
			runOnlyForDeploymentPostprocessing = 0;
		};
		0DC89E46213C1CA9006BE658 /* Sources */ = {
			isa = PBXSourcesBuildPhase;
			buildActionMask = 2147483647;
			files = (
				0DC89E4D213C1CA9006BE658 /* main.cpp in Sources */,
			);
			runOnlyForDeploymentPostprocessing = 0;
		};
		0DC89E51213C2C16006BE658 /* Sources */ = {
			isa = PBXSourcesBuildPhase;
			buildActionMask = 2147483647;
			files = (
				0DC89E58213C2C16006BE658 /* main.cpp in Sources */,
			);
			runOnlyForDeploymentPostprocessing = 0;
		};
		3D59C7D2213CCA0000DE8075 /* Sources */ = {
			isa = PBXSourcesBuildPhase;
			buildActionMask = 2147483647;
			files = (
				3D59C7D9213CCA0000DE8075 /* main.cpp in Sources */,
			);
			runOnlyForDeploymentPostprocessing = 0;
		};
		3D59C7E2213CF3B800DE8075 /* Sources */ = {
			isa = PBXSourcesBuildPhase;
			buildActionMask = 2147483647;
			files = (
				3D59C7E9213CF3B800DE8075 /* main.cpp in Sources */,
			);
			runOnlyForDeploymentPostprocessing = 0;
		};
		3D59C7F0213D386600DE8075 /* Sources */ = {
			isa = PBXSourcesBuildPhase;
			buildActionMask = 2147483647;
			files = (
				3D59C7F7213D386600DE8075 /* main.cpp in Sources */,
			);
			runOnlyForDeploymentPostprocessing = 0;
		};
/* End PBXSourcesBuildPhase section */

/* Begin XCBuildConfiguration section */
		0DB4C0B1213D830000F25BE0 /* Debug */ = {
			isa = XCBuildConfiguration;
			buildSettings = {
				CODE_SIGN_STYLE = Automatic;
				DEVELOPMENT_TEAM = 389BMU82Q2;
				PRODUCT_NAME = "$(TARGET_NAME)";
			};
			name = Debug;
		};
		0DB4C0B2213D830000F25BE0 /* Release */ = {
			isa = XCBuildConfiguration;
			buildSettings = {
				CODE_SIGN_STYLE = Automatic;
				DEVELOPMENT_TEAM = 389BMU82Q2;
				PRODUCT_NAME = "$(TARGET_NAME)";
			};
			name = Release;
		};
		0DC89E36213BC4E5006BE658 /* Debug */ = {
			isa = XCBuildConfiguration;
			buildSettings = {
				ALWAYS_SEARCH_USER_PATHS = NO;
				CLANG_ANALYZER_NONNULL = YES;
				CLANG_ANALYZER_NUMBER_OBJECT_CONVERSION = YES_AGGRESSIVE;
				CLANG_CXX_LANGUAGE_STANDARD = "gnu++14";
				CLANG_CXX_LIBRARY = "libc++";
				CLANG_ENABLE_MODULES = YES;
				CLANG_ENABLE_OBJC_ARC = YES;
				CLANG_ENABLE_OBJC_WEAK = YES;
				CLANG_WARN_BLOCK_CAPTURE_AUTORELEASING = YES;
				CLANG_WARN_BOOL_CONVERSION = YES;
				CLANG_WARN_COMMA = YES;
				CLANG_WARN_CONSTANT_CONVERSION = YES;
				CLANG_WARN_DEPRECATED_OBJC_IMPLEMENTATIONS = YES;
				CLANG_WARN_DIRECT_OBJC_ISA_USAGE = YES_ERROR;
				CLANG_WARN_DOCUMENTATION_COMMENTS = YES;
				CLANG_WARN_EMPTY_BODY = YES;
				CLANG_WARN_ENUM_CONVERSION = YES;
				CLANG_WARN_INFINITE_RECURSION = YES;
				CLANG_WARN_INT_CONVERSION = YES;
				CLANG_WARN_NON_LITERAL_NULL_CONVERSION = YES;
				CLANG_WARN_OBJC_IMPLICIT_RETAIN_SELF = YES;
				CLANG_WARN_OBJC_LITERAL_CONVERSION = YES;
				CLANG_WARN_OBJC_ROOT_CLASS = YES_ERROR;
				CLANG_WARN_RANGE_LOOP_ANALYSIS = YES;
				CLANG_WARN_STRICT_PROTOTYPES = YES;
				CLANG_WARN_SUSPICIOUS_MOVE = YES;
				CLANG_WARN_UNGUARDED_AVAILABILITY = YES_AGGRESSIVE;
				CLANG_WARN_UNREACHABLE_CODE = YES;
				CLANG_WARN__DUPLICATE_METHOD_MATCH = YES;
				CODE_SIGN_IDENTITY = "Mac Developer";
				COPY_PHASE_STRIP = NO;
				DEBUG_INFORMATION_FORMAT = dwarf;
				ENABLE_STRICT_OBJC_MSGSEND = YES;
				ENABLE_TESTABILITY = YES;
				GCC_C_LANGUAGE_STANDARD = gnu11;
				GCC_DYNAMIC_NO_PIC = NO;
				GCC_NO_COMMON_BLOCKS = YES;
				GCC_OPTIMIZATION_LEVEL = 0;
				GCC_PREPROCESSOR_DEFINITIONS = (
					"DEBUG=1",
					"$(inherited)",
				);
				GCC_WARN_64_TO_32_BIT_CONVERSION = YES;
				GCC_WARN_ABOUT_RETURN_TYPE = YES_ERROR;
				GCC_WARN_UNDECLARED_SELECTOR = YES;
				GCC_WARN_UNINITIALIZED_AUTOS = YES_AGGRESSIVE;
				GCC_WARN_UNUSED_FUNCTION = YES;
				GCC_WARN_UNUSED_VARIABLE = YES;
				MACOSX_DEPLOYMENT_TARGET = 10.14;
				MTL_ENABLE_DEBUG_INFO = INCLUDE_SOURCE;
				MTL_FAST_MATH = YES;
				ONLY_ACTIVE_ARCH = YES;
				SDKROOT = macosx;
			};
			name = Debug;
		};
		0DC89E37213BC4E5006BE658 /* Release */ = {
			isa = XCBuildConfiguration;
			buildSettings = {
				ALWAYS_SEARCH_USER_PATHS = NO;
				CLANG_ANALYZER_NONNULL = YES;
				CLANG_ANALYZER_NUMBER_OBJECT_CONVERSION = YES_AGGRESSIVE;
				CLANG_CXX_LANGUAGE_STANDARD = "gnu++14";
				CLANG_CXX_LIBRARY = "libc++";
				CLANG_ENABLE_MODULES = YES;
				CLANG_ENABLE_OBJC_ARC = YES;
				CLANG_ENABLE_OBJC_WEAK = YES;
				CLANG_WARN_BLOCK_CAPTURE_AUTORELEASING = YES;
				CLANG_WARN_BOOL_CONVERSION = YES;
				CLANG_WARN_COMMA = YES;
				CLANG_WARN_CONSTANT_CONVERSION = YES;
				CLANG_WARN_DEPRECATED_OBJC_IMPLEMENTATIONS = YES;
				CLANG_WARN_DIRECT_OBJC_ISA_USAGE = YES_ERROR;
				CLANG_WARN_DOCUMENTATION_COMMENTS = YES;
				CLANG_WARN_EMPTY_BODY = YES;
				CLANG_WARN_ENUM_CONVERSION = YES;
				CLANG_WARN_INFINITE_RECURSION = YES;
				CLANG_WARN_INT_CONVERSION = YES;
				CLANG_WARN_NON_LITERAL_NULL_CONVERSION = YES;
				CLANG_WARN_OBJC_IMPLICIT_RETAIN_SELF = YES;
				CLANG_WARN_OBJC_LITERAL_CONVERSION = YES;
				CLANG_WARN_OBJC_ROOT_CLASS = YES_ERROR;
				CLANG_WARN_RANGE_LOOP_ANALYSIS = YES;
				CLANG_WARN_STRICT_PROTOTYPES = YES;
				CLANG_WARN_SUSPICIOUS_MOVE = YES;
				CLANG_WARN_UNGUARDED_AVAILABILITY = YES_AGGRESSIVE;
				CLANG_WARN_UNREACHABLE_CODE = YES;
				CLANG_WARN__DUPLICATE_METHOD_MATCH = YES;
				CODE_SIGN_IDENTITY = "Mac Developer";
				COPY_PHASE_STRIP = NO;
				DEBUG_INFORMATION_FORMAT = "dwarf-with-dsym";
				ENABLE_NS_ASSERTIONS = NO;
				ENABLE_STRICT_OBJC_MSGSEND = YES;
				GCC_C_LANGUAGE_STANDARD = gnu11;
				GCC_NO_COMMON_BLOCKS = YES;
				GCC_WARN_64_TO_32_BIT_CONVERSION = YES;
				GCC_WARN_ABOUT_RETURN_TYPE = YES_ERROR;
				GCC_WARN_UNDECLARED_SELECTOR = YES;
				GCC_WARN_UNINITIALIZED_AUTOS = YES_AGGRESSIVE;
				GCC_WARN_UNUSED_FUNCTION = YES;
				GCC_WARN_UNUSED_VARIABLE = YES;
				MACOSX_DEPLOYMENT_TARGET = 10.14;
				MTL_ENABLE_DEBUG_INFO = NO;
				MTL_FAST_MATH = YES;
				SDKROOT = macosx;
			};
			name = Release;
		};
		0DC89E39213BC4E5006BE658 /* Debug */ = {
			isa = XCBuildConfiguration;
			buildSettings = {
				CODE_SIGN_STYLE = Automatic;
				DEVELOPMENT_TEAM = 389BMU82Q2;
				PRODUCT_NAME = "$(TARGET_NAME)";
			};
			name = Debug;
		};
		0DC89E3A213BC4E5006BE658 /* Release */ = {
			isa = XCBuildConfiguration;
			buildSettings = {
				CODE_SIGN_STYLE = Automatic;
				DEVELOPMENT_TEAM = 389BMU82Q2;
				PRODUCT_NAME = "$(TARGET_NAME)";
			};
			name = Release;
		};
		0DC89E44213C0E81006BE658 /* Debug */ = {
			isa = XCBuildConfiguration;
			buildSettings = {
				CODE_SIGN_STYLE = Automatic;
				DEVELOPMENT_TEAM = 389BMU82Q2;
				PRODUCT_NAME = "$(TARGET_NAME)";
			};
			name = Debug;
		};
		0DC89E45213C0E81006BE658 /* Release */ = {
			isa = XCBuildConfiguration;
			buildSettings = {
				CODE_SIGN_STYLE = Automatic;
				DEVELOPMENT_TEAM = 389BMU82Q2;
				PRODUCT_NAME = "$(TARGET_NAME)";
			};
			name = Release;
		};
		0DC89E4F213C1CA9006BE658 /* Debug */ = {
			isa = XCBuildConfiguration;
			buildSettings = {
				CODE_SIGN_STYLE = Automatic;
				DEVELOPMENT_TEAM = 389BMU82Q2;
				PRODUCT_NAME = "$(TARGET_NAME)";
			};
			name = Debug;
		};
		0DC89E50213C1CA9006BE658 /* Release */ = {
			isa = XCBuildConfiguration;
			buildSettings = {
				CODE_SIGN_STYLE = Automatic;
				DEVELOPMENT_TEAM = 389BMU82Q2;
				PRODUCT_NAME = "$(TARGET_NAME)";
			};
			name = Release;
		};
		0DC89E5A213C2C16006BE658 /* Debug */ = {
			isa = XCBuildConfiguration;
			buildSettings = {
				CODE_SIGN_STYLE = Automatic;
				DEVELOPMENT_TEAM = 389BMU82Q2;
				PRODUCT_NAME = "$(TARGET_NAME)";
			};
			name = Debug;
		};
		0DC89E5B213C2C16006BE658 /* Release */ = {
			isa = XCBuildConfiguration;
			buildSettings = {
				CODE_SIGN_STYLE = Automatic;
				DEVELOPMENT_TEAM = 389BMU82Q2;
				PRODUCT_NAME = "$(TARGET_NAME)";
			};
			name = Release;
		};
		3D59C7DA213CCA0000DE8075 /* Debug */ = {
			isa = XCBuildConfiguration;
			buildSettings = {
				CODE_SIGN_STYLE = Automatic;
				DEVELOPMENT_TEAM = 389BMU82Q2;
				MACOSX_DEPLOYMENT_TARGET = 10.13;
				PRODUCT_NAME = "$(TARGET_NAME)";
			};
			name = Debug;
		};
		3D59C7DB213CCA0000DE8075 /* Release */ = {
			isa = XCBuildConfiguration;
			buildSettings = {
				CODE_SIGN_STYLE = Automatic;
				DEVELOPMENT_TEAM = 389BMU82Q2;
				MACOSX_DEPLOYMENT_TARGET = 10.13;
				PRODUCT_NAME = "$(TARGET_NAME)";
			};
			name = Release;
		};
		3D59C7EB213CF3B800DE8075 /* Debug */ = {
			isa = XCBuildConfiguration;
			buildSettings = {
				CODE_SIGN_STYLE = Automatic;
				DEVELOPMENT_TEAM = 389BMU82Q2;
				MACOSX_DEPLOYMENT_TARGET = 10.13;
				PRODUCT_NAME = "$(TARGET_NAME)";
			};
			name = Debug;
		};
		3D59C7EC213CF3B800DE8075 /* Release */ = {
			isa = XCBuildConfiguration;
			buildSettings = {
				CODE_SIGN_STYLE = Automatic;
				DEVELOPMENT_TEAM = 389BMU82Q2;
				MACOSX_DEPLOYMENT_TARGET = 10.13;
				PRODUCT_NAME = "$(TARGET_NAME)";
			};
			name = Release;
		};
		3D59C7F9213D386600DE8075 /* Debug */ = {
			isa = XCBuildConfiguration;
			buildSettings = {
				CODE_SIGN_STYLE = Automatic;
				DEVELOPMENT_TEAM = 389BMU82Q2;
				MACOSX_DEPLOYMENT_TARGET = 10.13;
				PRODUCT_NAME = "$(TARGET_NAME)";
			};
			name = Debug;
		};
		3D59C7FA213D386600DE8075 /* Release */ = {
			isa = XCBuildConfiguration;
			buildSettings = {
				CODE_SIGN_STYLE = Automatic;
				DEVELOPMENT_TEAM = 389BMU82Q2;
				MACOSX_DEPLOYMENT_TARGET = 10.13;
				PRODUCT_NAME = "$(TARGET_NAME)";
			};
			name = Release;
		};
/* End XCBuildConfiguration section */

/* Begin XCConfigurationList section */
		0DB4C0B3213D830000F25BE0 /* Build configuration list for PBXNativeTarget "面8-二叉树的下一个节点" */ = {
			isa = XCConfigurationList;
			buildConfigurations = (
				0DB4C0B1213D830000F25BE0 /* Debug */,
				0DB4C0B2213D830000F25BE0 /* Release */,
			);
			defaultConfigurationIsVisible = 0;
			defaultConfigurationName = Release;
		};
		0DC89E2C213BC4E5006BE658 /* Build configuration list for PBXProject "剑指offer习题" */ = {
			isa = XCConfigurationList;
			buildConfigurations = (
				0DC89E36213BC4E5006BE658 /* Debug */,
				0DC89E37213BC4E5006BE658 /* Release */,
			);
			defaultConfigurationIsVisible = 0;
			defaultConfigurationName = Release;
		};
		0DC89E38213BC4E5006BE658 /* Build configuration list for PBXNativeTarget "剑指offer习题" */ = {
			isa = XCConfigurationList;
			buildConfigurations = (
				0DC89E39213BC4E5006BE658 /* Debug */,
				0DC89E3A213BC4E5006BE658 /* Release */,
			);
			defaultConfigurationIsVisible = 0;
			defaultConfigurationName = Release;
		};
		0DC89E43213C0E81006BE658 /* Build configuration list for PBXNativeTarget "面3-数组中重复数字" */ = {
			isa = XCConfigurationList;
			buildConfigurations = (
				0DC89E44213C0E81006BE658 /* Debug */,
				0DC89E45213C0E81006BE658 /* Release */,
			);
			defaultConfigurationIsVisible = 0;
			defaultConfigurationName = Release;
		};
		0DC89E4E213C1CA9006BE658 /* Build configuration list for PBXNativeTarget "面4-二维数组中的查找" */ = {
			isa = XCConfigurationList;
			buildConfigurations = (
				0DC89E4F213C1CA9006BE658 /* Debug */,
				0DC89E50213C1CA9006BE658 /* Release */,
			);
			defaultConfigurationIsVisible = 0;
			defaultConfigurationName = Release;
		};
		0DC89E59213C2C16006BE658 /* Build configuration list for PBXNativeTarget "面5-替换空格" */ = {
			isa = XCConfigurationList;
			buildConfigurations = (
				0DC89E5A213C2C16006BE658 /* Debug */,
				0DC89E5B213C2C16006BE658 /* Release */,
			);
			defaultConfigurationIsVisible = 0;
			defaultConfigurationName = Release;
		};
		3D59C7DC213CCA0000DE8075 /* Build configuration list for PBXNativeTarget "面6-从尾到头打印链表" */ = {
			isa = XCConfigurationList;
			buildConfigurations = (
				3D59C7DA213CCA0000DE8075 /* Debug */,
				3D59C7DB213CCA0000DE8075 /* Release */,
			);
			defaultConfigurationIsVisible = 0;
			defaultConfigurationName = Release;
		};
		3D59C7EA213CF3B800DE8075 /* Build configuration list for PBXNativeTarget "面7-重建二叉树" */ = {
			isa = XCConfigurationList;
			buildConfigurations = (
				3D59C7EB213CF3B800DE8075 /* Debug */,
				3D59C7EC213CF3B800DE8075 /* Release */,
			);
			defaultConfigurationIsVisible = 0;
			defaultConfigurationName = Release;
		};
		3D59C7F8213D386600DE8075 /* Build configuration list for PBXNativeTarget "面9-用两个栈实现队列" */ = {
			isa = XCConfigurationList;
			buildConfigurations = (
				3D59C7F9213D386600DE8075 /* Debug */,
				3D59C7FA213D386600DE8075 /* Release */,
			);
			defaultConfigurationIsVisible = 0;
			defaultConfigurationName = Release;
		};
/* End XCConfigurationList section */
	};
	rootObject = 0DC89E29213BC4E5006BE658 /* Project object */;
}
